
Microsoft Visual Studio Solution File, Format Version 12.00
# Visual Studio Version 16
Project("{FAE04EC0-301F-11D3-BF4B-00C04F79EFBC}") = "Cobalt", "projects\cobalt\Cobalt.csproj", "{FAAE38AC-E650-6382-CF0B-77D6BB4CEAD2}"
EndProject
Project("{FAE04EC0-301F-11D3-BF4B-00C04F79EFBC}") = "Cobalt Bindings", "projects\cobalt-bindings\Cobalt Bindings.csproj", "{88923C1F-F41D-AAE3-FD2E-2DD8693906E4}"
EndProject
Project("{FAE04EC0-301F-11D3-BF4B-00C04F79EFBC}") = "Cobalt Sandbox", "projects\cobalt-sandbox\Cobalt Sandbox.csproj", "{A9C92C22-9597-2028-7E2B-914E6A98FC8C}"
EndProject
Global
	GlobalSection(SolutionConfigurationPlatforms) = preSolution
		Debug|Any CPU = Debug|Any CPU
		Dist|Any CPU = Dist|Any CPU
		Release|Any CPU = Release|Any CPU
	EndGlobalSection
	GlobalSection(ProjectConfigurationPlatforms) = postSolution
		{FAAE38AC-E650-6382-CF0B-77D6BB4CEAD2}.Debug|Any CPU.ActiveCfg = Debug|Any CPU
		{FAAE38AC-E650-6382-CF0B-77D6BB4CEAD2}.Debug|Any CPU.Build.0 = Debug|Any CPU
		{FAAE38AC-E650-6382-CF0B-77D6BB4CEAD2}.Dist|Any CPU.ActiveCfg = Dist|Any CPU
		{FAAE38AC-E650-6382-CF0B-77D6BB4CEAD2}.Dist|Any CPU.Build.0 = Dist|Any CPU
		{FAAE38AC-E650-6382-CF0B-77D6BB4CEAD2}.Release|Any CPU.ActiveCfg = Release|Any CPU
		{FAAE38AC-E650-6382-CF0B-77D6BB4CEAD2}.Release|Any CPU.Build.0 = Release|Any CPU
		{88923C1F-F41D-AAE3-FD2E-2DD8693906E4}.Debug|Any CPU.ActiveCfg = Debug|Any CPU
		{88923C1F-F41D-AAE3-FD2E-2DD8693906E4}.Debug|Any CPU.Build.0 = Debug|Any CPU
		{88923C1F-F41D-AAE3-FD2E-2DD8693906E4}.Dist|Any CPU.ActiveCfg = Dist|Any CPU
		{88923C1F-F41D-AAE3-FD2E-2DD8693906E4}.Dist|Any CPU.Build.0 = Dist|Any CPU
		{88923C1F-F41D-AAE3-FD2E-2DD8693906E4}.Release|Any CPU.ActiveCfg = Release|Any CPU
		{88923C1F-F41D-AAE3-FD2E-2DD8693906E4}.Release|Any CPU.Build.0 = Release|Any CPU
		{A9C92C22-9597-2028-7E2B-914E6A98FC8C}.Debug|Any CPU.ActiveCfg = Debug|Any CPU
		{A9C92C22-9597-2028-7E2B-914E6A98FC8C}.Debug|Any CPU.Build.0 = Debug|Any CPU
		{A9C92C22-9597-2028-7E2B-914E6A98FC8C}.Dist|Any CPU.ActiveCfg = Dist|Any CPU
		{A9C92C22-9597-2028-7E2B-914E6A98FC8C}.Dist|Any CPU.Build.0 = Dist|Any CPU
		{A9C92C22-9597-2028-7E2B-914E6A98FC8C}.Release|Any CPU.ActiveCfg = Release|Any CPU
		{A9C92C22-9597-2028-7E2B-914E6A98FC8C}.Release|Any CPU.Build.0 = Release|Any CPU
	EndGlobalSection
	GlobalSection(SolutionProperties) = preSolution
		HideSolutionNode = FALSE
	EndGlobalSection
EndGlobal
